
Microsoft Visual Studio Solution File, Format Version 12.00
# Visual Studio Version 17
VisualStudioVersion = 17.14.36414.22
MinimumVisualStudioVersion = 10.0.40219.1
Project("{FAE04EC0-301F-11D3-BF4B-00C04F79EFBC}") = "asp01api", "asp01api\asp01api.csproj", "{A1E13919-619C-4BDD-911C-E2A486D344D1}"
EndProject
Project("{FAE04EC0-301F-11D3-BF4B-00C04F79EFBC}") = "asp02di1_sk2", "asp02di1_sk2\asp02di1_sk2.csproj", "{601475D7-2FBE-48A6-8645-6987C6B4D980}"
EndProject
Project("{FAE04EC0-301F-11D3-BF4B-00C04F79EFBC}") = "asp03receiptsAPI", "asp03receiptsAPI\asp03receiptsAPI.csproj", "{C526AE87-F09E-42AD-8401-D679C9C21941}"
EndProject
Global
	GlobalSection(SolutionConfigurationPlatforms) = preSolution
		Debug|Any CPU = Debug|Any CPU
		Release|Any CPU = Release|Any CPU
	EndGlobalSection
	GlobalSection(ProjectConfigurationPlatforms) = postSolution
		{A1E13919-619C-4BDD-911C-E2A486D344D1}.Debug|Any CPU.ActiveCfg = Debug|Any CPU
		{A1E13919-619C-4BDD-911C-E2A486D344D1}.Debug|Any CPU.Build.0 = Debug|Any CPU
		{A1E13919-619C-4BDD-911C-E2A486D344D1}.Release|Any CPU.ActiveCfg = Release|Any CPU
		{A1E13919-619C-4BDD-911C-E2A486D344D1}.Release|Any CPU.Build.0 = Release|Any CPU
		{601475D7-2FBE-48A6-8645-6987C6B4D980}.Debug|Any CPU.ActiveCfg = Debug|Any CPU
		{601475D7-2FBE-48A6-8645-6987C6B4D980}.Debug|Any CPU.Build.0 = Debug|Any CPU
		{601475D7-2FBE-48A6-8645-6987C6B4D980}.Release|Any CPU.ActiveCfg = Release|Any CPU
		{601475D7-2FBE-48A6-8645-6987C6B4D980}.Release|Any CPU.Build.0 = Release|Any CPU
		{C526AE87-F09E-42AD-8401-D679C9C21941}.Debug|Any CPU.ActiveCfg = Debug|Any CPU
		{C526AE87-F09E-42AD-8401-D679C9C21941}.Debug|Any CPU.Build.0 = Debug|Any CPU
		{C526AE87-F09E-42AD-8401-D679C9C21941}.Release|Any CPU.ActiveCfg = Release|Any CPU
		{C526AE87-F09E-42AD-8401-D679C9C21941}.Release|Any CPU.Build.0 = Release|Any CPU
	EndGlobalSection
	GlobalSection(SolutionProperties) = preSolution
		HideSolutionNode = FALSE
	EndGlobalSection
	GlobalSection(ExtensibilityGlobals) = postSolution
		SolutionGuid = {339164A6-75CE-4E82-8A85-F1E7280A3958}
	EndGlobalSection
EndGlobal
